Microsoft Visual Studio Solution File, Format Version 12.00
# Visual Studio Version 17
VisualStudioVersion = 17.5.2.0
MinimumVisualStudioVersion = 10.0.40219.1
Project("{FAE04EC0-301F-11D3-BF4B-00C04F79EFBC}") = "FluentNHibernateProjeto", "FluentNHibernateProjeto.csproj", "{10D824D0-E276-73A2-04EB-74133FA746CE}"
EndProject
Global
	GlobalSection(SolutionConfigurationPlatforms) = preSolution
		Debug|Any CPU = Debug|Any CPU
		Release|Any CPU = Release|Any CPU
	EndGlobalSection
	GlobalSection(ProjectConfigurationPlatforms) = postSolution
		{10D824D0-E276-73A2-04EB-74133FA746CE}.Debug|Any CPU.ActiveCfg = Debug|Any CPU
		{10D824D0-E276-73A2-04EB-74133FA746CE}.Debug|Any CPU.Build.0 = Debug|Any CPU
		{10D824D0-E276-73A2-04EB-74133FA746CE}.Release|Any CPU.ActiveCfg = Release|Any CPU
		{10D824D0-E276-73A2-04EB-74133FA746CE}.Release|Any CPU.Build.0 = Release|Any CPU
	EndGlobalSection
	GlobalSection(SolutionProperties) = preSolution
		HideSolutionNode = FALSE
	EndGlobalSection
	GlobalSection(ExtensibilityGlobals) = postSolution
		SolutionGuid = {105E4908-4308-409B-BE0F-D0B4412B8EE9}
	EndGlobalSection
EndGlobal
